{
  "requires": true,
  "lockfileVersion": 1,
  "dependencies": {
    "dotenv": {
      "version": "8.2.0",
      "resolved": "https://registry.npmjs.org/dotenv/-/dotenv-8.2.0.tgz",
      "integrity": "sha512-8sJ78ElpbDJBHNeBzUbUVLsqKdccaa/BXF1uPTw3GrvQTBgrQrtObr2mUrE38vzYd8cEv+m/JBfDLioYcfXoaw=="
    },
    "react-multi-carousel": {
      "version": "2.6.1",
      "resolved": "https://registry.npmjs.org/react-multi-carousel/-/react-multi-carousel-2.6.1.tgz",
      "integrity": "sha512-N0YfKqEYc9ElyGMrvukyVDMkYae76GDY4+1pXXPLvRj9uLFuaa4rCj31RWbNP8VEE2A2Sp3TSLV2yXVoLUUD8w=="
    }
  }
}
